
Microsoft Visual Studio Solution File, Format Version 12.00
# Visual Studio Version 17
VisualStudioVersion = 17.7.34221.43
MinimumVisualStudioVersion = 10.0.40219.1
Project("{FAE04EC0-301F-11D3-BF4B-00C04F79EFBC}") = "ProjectForGit3", "ProjectForGit3\ProjectForGit3.csproj", "{89D0056C-24F7-47C9-87E4-AA062BF1C549}"
EndProject
Global
	GlobalSection(SolutionConfigurationPlatforms) = preSolution
		Debug|Any CPU = Debug|Any CPU
		Release|Any CPU = Release|Any CPU
	EndGlobalSection
	GlobalSection(ProjectConfigurationPlatforms) = postSolution
		{89D0056C-24F7-47C9-87E4-AA062BF1C549}.Debug|Any CPU.ActiveCfg = Debug|Any CPU
		{89D0056C-24F7-47C9-87E4-AA062BF1C549}.Debug|Any CPU.Build.0 = Debug|Any CPU
		{89D0056C-24F7-47C9-87E4-AA062BF1C549}.Release|Any CPU.ActiveCfg = Release|Any CPU
		{89D0056C-24F7-47C9-87E4-AA062BF1C549}.Release|Any CPU.Build.0 = Release|Any CPU
	EndGlobalSection
	GlobalSection(SolutionProperties) = preSolution
		HideSolutionNode = FALSE
	EndGlobalSection
	GlobalSection(ExtensibilityGlobals) = postSolution
		SolutionGuid = {28AF372F-4513-46B4-9D48-DE64CBA72C2F}
	EndGlobalSection
EndGlobal
